
Microsoft Visual Studio Solution File, Format Version 12.00
# Visual Studio Version 16
VisualStudioVersion = 16.0.28803.202
MinimumVisualStudioVersion = 10.0.40219.1
Project("{9A19103F-16F7-4668-BE54-9A1E7A4F7556}") = "MyCompany.NetCore", "MyCompany.NetCore\MyCompany.NetCore.csproj", "{B4CF7E78-A82E-48AE-BD63-B896B6076C94}"
EndProject
Project("{9A19103F-16F7-4668-BE54-9A1E7A4F7556}") = "MyCompany.NetCore.Tests", "MyCompany.NetCore.Tests\MyCompany.NetCore.Tests.csproj", "{7139F248-755F-475F-BBA4-DB3222C3F317}"
EndProject
Project("{2150E333-8FDC-42A3-9474-1A3956D46DE8}") = "Solution Items", "Solution Items", "{6CC92D17-6950-494E-A3F4-7E890243653D}"
	ProjectSection(SolutionItems) = preProject
		JenkinsGroovy.txt = JenkinsGroovy.txt
	EndProjectSection
EndProject
Global
	GlobalSection(SolutionConfigurationPlatforms) = preSolution
		Debug|Any CPU = Debug|Any CPU
		Release|Any CPU = Release|Any CPU
	EndGlobalSection
	GlobalSection(ProjectConfigurationPlatforms) = postSolution
		{B4CF7E78-A82E-48AE-BD63-B896B6076C94}.Debug|Any CPU.ActiveCfg = Debug|Any CPU
		{B4CF7E78-A82E-48AE-BD63-B896B6076C94}.Debug|Any CPU.Build.0 = Debug|Any CPU
		{B4CF7E78-A82E-48AE-BD63-B896B6076C94}.Release|Any CPU.ActiveCfg = Release|Any CPU
		{B4CF7E78-A82E-48AE-BD63-B896B6076C94}.Release|Any CPU.Build.0 = Release|Any CPU
		{7139F248-755F-475F-BBA4-DB3222C3F317}.Debug|Any CPU.ActiveCfg = Debug|Any CPU
		{7139F248-755F-475F-BBA4-DB3222C3F317}.Debug|Any CPU.Build.0 = Debug|Any CPU
		{7139F248-755F-475F-BBA4-DB3222C3F317}.Release|Any CPU.ActiveCfg = Release|Any CPU
		{7139F248-755F-475F-BBA4-DB3222C3F317}.Release|Any CPU.Build.0 = Release|Any CPU
	EndGlobalSection
	GlobalSection(SolutionProperties) = preSolution
		HideSolutionNode = FALSE
	EndGlobalSection
	GlobalSection(ExtensibilityGlobals) = postSolution
		SolutionGuid = {C20C6CE3-090A-494D-9A74-CC08C036897F}
	EndGlobalSection
EndGlobal
